
Microsoft Visual Studio Solution File, Format Version 12.00
# Visual Studio 2012
Project("{FAE04EC0-301F-11D3-BF4B-00C04F79EFBC}") = "teste_db", "teste_db\teste_db.csproj", "{9DEA878C-E36C-4ED0-BCCE-138277C3C364}"
EndProject
Global
	GlobalSection(SolutionConfigurationPlatforms) = preSolution
		Debug|Any CPU = Debug|Any CPU
		Release|Any CPU = Release|Any CPU
	EndGlobalSection
	GlobalSection(ProjectConfigurationPlatforms) = postSolution
		{9DEA878C-E36C-4ED0-BCCE-138277C3C364}.Debug|Any CPU.ActiveCfg = Debug|Any CPU
		{9DEA878C-E36C-4ED0-BCCE-138277C3C364}.Debug|Any CPU.Build.0 = Debug|Any CPU
		{9DEA878C-E36C-4ED0-BCCE-138277C3C364}.Release|Any CPU.ActiveCfg = Release|Any CPU
		{9DEA878C-E36C-4ED0-BCCE-138277C3C364}.Release|Any CPU.Build.0 = Release|Any CPU
	EndGlobalSection
	GlobalSection(SolutionProperties) = preSolution
		HideSolutionNode = FALSE
	EndGlobalSection
EndGlobal
